// !$*UTF8*$!
{
	archiveVersion = 1;
	classes = {
	};
	objectVersion = 46;
	objects = {

/* Begin PBXBuildFile section */
		ADF3A0EA1F1772AE001CCCA3 /* AppDelegate.swift in Sources */ = {isa = PBXBuildFile; fileRef = ADF3A0E91F1772AE001CCCA3 /* AppDelegate.swift */; };
		ADF3A0EC1F1772AE001CCCA3 /* ViewController.swift in Sources */ = {isa = PBXBuildFile; fileRef = ADF3A0EB1F1772AE001CCCA3 /* ViewController.swift */; };
		ADF3A0EF1F1772AE001CCCA3 /* Main.storyboard in Resources */ = {isa = PBXBuildFile; fileRef = ADF3A0ED1F1772AE001CCCA3 /* Main.storyboard */; };
		ADF3A0F11F1772AE001CCCA3 /* Assets.xcassets in Resources */ = {isa = PBXBuildFile; fileRef = ADF3A0F01F1772AE001CCCA3 /* Assets.xcassets */; };
		ADF3A0F41F1772AE001CCCA3 /* LaunchScreen.storyboard in Resources */ = {isa = PBXBuildFile; fileRef = ADF3A0F21F1772AE001CCCA3 /* LaunchScreen.storyboard */; };
/* End PBXBuildFile section */

/* Begin PBXFileReference section */
		ADF3A0E61F1772AE001CCCA3 /* swift-security.app */ = {isa = PBXFileReference; explicitFileType = wrapper.application; includeInIndex = 0; path = "swift-security.app"; sourceTree = BUILT_PRODUCTS_DIR; };
		ADF3A0E91F1772AE001CCCA3 /* AppDelegate.swift */ = {isa = PBXFileReference; lastKnownFileType = sourcecode.swift; path = AppDelegate.swift; sourceTree = "<group>"; };
		ADF3A0EB1F1772AE001CCCA3 /* ViewController.swift */ = {isa = PBXFileReference; lastKnownFileType = sourcecode.swift; path = ViewController.swift; sourceTree = "<group>"; };
		ADF3A0EE1F1772AE001CCCA3 /* Base */ = {isa = PBXFileReference; lastKnownFileType = file.storyboard; name = Base; path = Base.lproj/Main.storyboard; sourceTree = "<group>"; };
		ADF3A0F01F1772AE001CCCA3 /* Assets.xcassets */ = {isa = PBXFileReference; lastKnownFileType = folder.assetcatalog; path = Assets.xcassets; sourceTree = "<group>"; };
		ADF3A0F31F1772AE001CCCA3 /* Base */ = {isa = PBXFileReference; lastKnownFileType = file.storyboard; name = Base; path = Base.lproj/LaunchScreen.storyboard; sourceTree = "<group>"; };
		ADF3A0F51F1772AE001CCCA3 /* Info.plist */ = {isa = PBXFileReference; lastKnownFileType = text.plist.xml; path = Info.plist; sourceTree = "<group>"; };
/* End PBXFileReference section */

/* Begin PBXFrameworksBuildPhase section */
		ADF3A0E31F1772AE001CCCA3 /* Frameworks */ = {
			isa = PBXFrameworksBuildPhase;
			buildActionMask = 2147483647;
			files = (
			);
			runOnlyForDeploymentPostprocessing = 0;
		};
/* End PBXFrameworksBuildPhase section */

/* Begin PBXGroup section */
		ADF3A0DD1F1772AE001CCCA3 = {
			isa = PBXGroup;
			children = (
				ADF3A0E81F1772AE001CCCA3 /* swift-security */,
				ADF3A0E71F1772AE001CCCA3 /* Products */,
			);
			sourceTree = "<group>";
		};
		ADF3A0E71F1772AE001CCCA3 /* Products */ = {
			isa = PBXGroup;
			children = (
				ADF3A0E61F1772AE001CCCA3 /* swift-security.app */,
			);
			name = Products;
			sourceTree = "<group>";
		};
		ADF3A0E81F1772AE001CCCA3 /* swift-security */ = {
			isa = PBXGroup;
			children = (
				ADF3A0E91F1772AE001CCCA3 /* AppDelegate.swift */,
				ADF3A0EB1F1772AE001CCCA3 /* ViewController.swift */,
				ADF3A0ED1F1772AE001CCCA3 /* Main.storyboard */,
				ADF3A0F01F1772AE001CCCA3 /* Assets.xcassets */,
				ADF3A0F21F1772AE001CCCA3 /* LaunchScreen.storyboard */,
				ADF3A0F51F1772AE001CCCA3 /* Info.plist */,
			);
			path = "swift-security";
			sourceTree = "<group>";
		};
/* End PBXGroup section */

/* Begin PBXNativeTarget section */
		ADF3A0E51F1772AE001CCCA3 /* swift-security */ = {
			isa = PBXNativeTarget;
			buildConfigurationList = ADF3A0F81F1772AE001CCCA3 /* Build configuration list for PBXNativeTarget "swift-security" */;
			buildPhases = (
				ADF3A0E21F1772AE001CCCA3 /* Sources */,
				ADF3A0E31F1772AE001CCCA3 /* Frameworks */,
				ADF3A0E41F1772AE001CCCA3 /* Resources */,
			);
			buildRules = (
			);
			dependencies = (
			);
			name = "swift-security";
			productName = "swift-security";
			productReference = ADF3A0E61F1772AE001CCCA3 /* swift-security.app */;
			productType = "com.apple.product-type.application";
		};
/* End PBXNativeTarget section */

/* Begin PBXProject section */
		ADF3A0DE1F1772AE001CCCA3 /* Project object */ = {
			isa = PBXProject;
			attributes = {
				LastSwiftUpdateCheck = 0830;
				LastUpgradeCheck = 0830;
				ORGANIZATIONNAME = "Innominds Mobility";
				TargetAttributes = {
					ADF3A0E51F1772AE001CCCA3 = {
						CreatedOnToolsVersion = 8.3.2;
						ProvisioningStyle = Automatic;
					};
				};
			};
			buildConfigurationList = ADF3A0E11F1772AE001CCCA3 /* Build configuration list for PBXProject "swift-security" */;
			compatibilityVersion = "Xcode 3.2";
			developmentRegion = English;
			hasScannedForEncodings = 0;
			knownRegions = (
				en,
				Base,
			);
			mainGroup = ADF3A0DD1F1772AE001CCCA3;
			productRefGroup = ADF3A0E71F1772AE001CCCA3 /* Products */;
			projectDirPath = "";
			projectRoot = "";
			targets = (
				ADF3A0E51F1772AE001CCCA3 /* swift-security */,
			);
		};
/* End PBXProject section */

/* Begin PBXResourcesBuildPhase section */
		ADF3A0E41F1772AE001CCCA3 /* Resources */ = {
			isa = PBXResourcesBuildPhase;
			buildActionMask = 2147483647;
			files = (
				ADF3A0F41F1772AE001CCCA3 /* LaunchScreen.storyboard in Resources */,
				ADF3A0F11F1772AE001CCCA3 /* Assets.xcassets in Resources */,
				ADF3A0EF1F1772AE001CCCA3 /* Main.storyboard in Resources */,
			);
			runOnlyForDeploymentPostprocessing = 0;
		};
/* End PBXResourcesBuildPhase section */

/* Begin PBXSourcesBuildPhase section */
		ADF3A0E21F1772AE001CCCA3 /* Sources */ = {
			isa = PBXSourcesBuildPhase;
			buildActionMask = 2147483647;
			files = (
				ADF3A0EC1F1772AE001CCCA3 /* ViewController.swift in Sources */,
				ADF3A0EA1F1772AE001CCCA3 /* AppDelegate.swift in Sources */,
			);
			runOnlyForDeploymentPostprocessing = 0;
		};
/* End PBXSourcesBuildPhase section */

/* Begin PBXVariantGroup section */
		ADF3A0ED1F1772AE001CCCA3 /* Main.storyboard */ = {
			isa = PBXVariantGroup;
			children = (
				ADF3A0EE1F1772AE001CCCA3 /* Base */,
			);
			name = Main.storyboard;
			sourceTree = "<group>";
		};
		ADF3A0F21F1772AE001CCCA3 /* LaunchScreen.storyboard */ = {
			isa = PBXVariantGroup;
			children = (
				ADF3A0F31F1772AE001CCCA3 /* Base */,
			);
			name = LaunchScreen.storyboard;
			sourceTree = "<group>";
		};
/* End PBXVariantGroup section */

/* Begin XCBuildConfiguration section */
		ADF3A0F61F1772AE001CCCA3 /* Debug */ = {
			isa = XCBuildConfiguration;
			buildSettings = {
				ALWAYS_SEARCH_USER_PATHS = NO;
				CLANG_ANALYZER_NONNULL = YES;
				CLANG_ANALYZER_NUMBER_OBJECT_CONVERSION = YES_AGGRESSIVE;
				CLANG_CXX_LANGUAGE_STANDARD = "gnu++0x";
				CLANG_CXX_LIBRARY = "libc++";
				CLANG_ENABLE_MODULES = YES;
				CLANG_ENABLE_OBJC_ARC = YES;
				CLANG_WARN_BOOL_CONVERSION = YES;
				CLANG_WARN_CONSTANT_CONVERSION = YES;
				CLANG_WARN_DIRECT_OBJC_ISA_USAGE = YES_ERROR;
				CLANG_WARN_DOCUMENTATION_COMMENTS = YES;
				CLANG_WARN_EMPTY_BODY = YES;
				CLANG_WARN_ENUM_CONVERSION = YES;
				CLANG_WARN_INFINITE_RECURSION = YES;
				CLANG_WARN_INT_CONVERSION = YES;
				CLANG_WARN_OBJC_ROOT_CLASS = YES_ERROR;
				CLANG_WARN_SUSPICIOUS_MOVE = YES;
				CLANG_WARN_UNREACHABLE_CODE = YES;
				CLANG_WARN__DUPLICATE_METHOD_MATCH = YES;
				"CODE_SIGN_IDENTITY[sdk=iphoneos*]" = "iPhone Developer";
				COPY_PHASE_STRIP = NO;
				DEBUG_INFORMATION_FORMAT = dwarf;
				ENABLE_STRICT_OBJC_MSGSEND = YES;
				ENABLE_TESTABILITY = YES;
				GCC_C_LANGUAGE_STANDARD = gnu99;
				GCC_DYNAMIC_NO_PIC = NO;
				GCC_NO_COMMON_BLOCKS = YES;
				GCC_OPTIMIZATION_LEVEL = 0;
				GCC_PREPROCESSOR_DEFINITIONS = (
					"DEBUG=1",
					"$(inherited)",
				);
				GCC_WARN_64_TO_32_BIT_CONVERSION = YES;
				GCC_WARN_ABOUT_RETURN_TYPE = YES_ERROR;
				GCC_WARN_UNDECLARED_SELECTOR = YES;
				GCC_WARN_UNINITIALIZED_AUTOS = YES_AGGRESSIVE;
				GCC_WARN_UNUSED_FUNCTION = YES;
				GCC_WARN_UNUSED_VARIABLE = YES;
				IPHONEOS_DEPLOYMENT_TARGET = 10.3;
				MTL_ENABLE_DEBUG_INFO = YES;
				ONLY_ACTIVE_ARCH = YES;
				SDKROOT = iphoneos;
				SWIFT_ACTIVE_COMPILATION_CONDITIONS = DEBUG;
				SWIFT_OPTIMIZATION_LEVEL = "-Onone";
				TARGETED_DEVICE_FAMILY = "1,2";
			};
			name = Debug;
		};
		ADF3A0F71F1772AE001CCCA3 /* Release */ = {
			isa = XCBuildConfiguration;
			buildSettings = {
				ALWAYS_SEARCH_USER_PATHS = NO;
				CLANG_ANALYZER_NONNULL = YES;
				CLANG_ANALYZER_NUMBER_OBJECT_CONVERSION = YES_AGGRESSIVE;
				CLANG_CXX_LANGUAGE_STANDARD = "gnu++0x";
				CLANG_CXX_LIBRARY = "libc++";
				CLANG_ENABLE_MODULES = YES;
				CLANG_ENABLE_OBJC_ARC = YES;
				CLANG_WARN_BOOL_CONVERSION = YES;
				CLANG_WARN_CONSTANT_CONVERSION = YES;
				CLANG_WARN_DIRECT_OBJC_ISA_USAGE = YES_ERROR;
				CLANG_WARN_DOCUMENTATION_COMMENTS = YES;
				CLANG_WARN_EMPTY_BODY = YES;
				CLANG_WARN_ENUM_CONVERSION = YES;
				CLANG_WARN_INFINITE_RECURSION = YES;
				CLANG_WARN_INT_CONVERSION = YES;
				CLANG_WARN_OBJC_ROOT_CLASS = YES_ERROR;
				CLANG_WARN_SUSPICIOUS_MOVE = YES;
				CLANG_WARN_UNREACHABLE_CODE = YES;
				CLANG_WARN__DUPLICATE_METHOD_MATCH = YES;
				"CODE_SIGN_IDENTITY[sdk=iphoneos*]" = "iPhone Developer";
				COPY_PHASE_STRIP = NO;
				DEBUG_INFORMATION_FORMAT = "dwarf-with-dsym";
				ENABLE_NS_ASSERTIONS = NO;
				ENABLE_STRICT_OBJC_MSGSEND = YES;
				GCC_C_LANGUAGE_STANDARD = gnu99;
				GCC_NO_COMMON_BLOCKS = YES;
				GCC_WARN_64_TO_32_BIT_CONVERSION = YES;
				GCC_WARN_ABOUT_RETURN_TYPE = YES_ERROR;
				GCC_WARN_UNDECLARED_SELECTOR = YES;
				GCC_WARN_UNINITIALIZED_AUTOS = YES_AGGRESSIVE;
				GCC_WARN_UNUSED_FUNCTION = YES;
				GCC_WARN_UNUSED_VARIABLE = YES;
				IPHONEOS_DEPLOYMENT_TARGET = 10.3;
				MTL_ENABLE_DEBUG_INFO = NO;
				SDKROOT = iphoneos;
				SWIFT_OPTIMIZATION_LEVEL = "-Owholemodule";
				TARGETED_DEVICE_FAMILY = "1,2";
				VALIDATE_PRODUCT = YES;
			};
			name = Release;
		};
		ADF3A0F91F1772AE001CCCA3 /* Debug */ = {
			isa = XCBuildConfiguration;
			buildSettings = {
				ASSETCATALOG_COMPILER_APPICON_NAME = AppIcon;
				INFOPLIST_FILE = "swift-security/Info.plist";
				LD_RUNPATH_SEARCH_PATHS = "$(inherited) @executable_path/Frameworks";
				PRODUCT_BUNDLE_IDENTIFIER = "com.innominds.swift-security";
				PRODUCT_NAME = "$(TARGET_NAME)";
				SWIFT_VERSION = 3.0;
			};
			name = Debug;
		};
		ADF3A0FA1F1772AE001CCCA3 /* Release */ = {
			isa = XCBuildConfiguration;
			buildSettings = {
				ASSETCATALOG_COMPILER_APPICON_NAME = AppIcon;
				INFOPLIST_FILE = "swift-security/Info.plist";
				LD_RUNPATH_SEARCH_PATHS = "$(inherited) @executable_path/Frameworks";
				PRODUCT_BUNDLE_IDENTIFIER = "com.innominds.swift-security";
				PRODUCT_NAME = "$(TARGET_NAME)";
				SWIFT_VERSION = 3.0;
			};
			name = Release;
		};
/* End XCBuildConfiguration section */

/* Begin XCConfigurationList section */
		ADF3A0E11F1772AE001CCCA3 /* Build configuration list for PBXProject "swift-security" */ = {
			isa = XCConfigurationList;
			buildConfigurations = (
				ADF3A0F61F1772AE001CCCA3 /* Debug */,
				ADF3A0F71F1772AE001CCCA3 /* Release */,
			);
			defaultConfigurationIsVisible = 0;
			defaultConfigurationName = Release;
		};
		ADF3A0F81F1772AE001CCCA3 /* Build configuration list for PBXNativeTarget "swift-security" */ = {
			isa = XCConfigurationList;
			buildConfigurations = (
				ADF3A0F91F1772AE001CCCA3 /* Debug */,
				ADF3A0FA1F1772AE001CCCA3 /* Release */,
			);
			defaultConfigurationIsVisible = 0;
		};
/* End XCConfigurationList section */
	};
	rootObject = ADF3A0DE1F1772AE001CCCA3 /* Project object */;
}
